
Microsoft Visual Studio Solution File, Format Version 12.00
# Visual Studio 2012
Project("{2150E333-8FDC-42A3-9474-1A3956D46DE8}") = "1.1.Presentacion", "1.1.Presentacion", "{7CDC773D-E8F8-43BE-A7F3-9E0ED24AE6E8}"
EndProject
Project("{2150E333-8FDC-42A3-9474-1A3956D46DE8}") = "2.Aplicacion", "2.Aplicacion", "{2CC8354B-4F63-4559-B141-8DB8B1B0EDBE}"
EndProject
Project("{2150E333-8FDC-42A3-9474-1A3956D46DE8}") = "3.Dominio", "3.Dominio", "{97B5E819-FB5B-401A-B238-964BB7121C62}"
EndProject
Project("{2150E333-8FDC-42A3-9474-1A3956D46DE8}") = "4.Infraestructura", "4.Infraestructura", "{38EBE49B-66AC-480B-B973-0B4E2142E74E}"
EndProject
Project("{2150E333-8FDC-42A3-9474-1A3956D46DE8}") = "5.Cross", "5.Cross", "{481A27AC-44DE-4FA7-B845-E2A04334B514}"
EndProject
Project("{FAE04EC0-301F-11D3-BF4B-00C04F79EFBC}") = "Pe.ByS.Caja.Presentacion.Core", "Pe.ByS.Caja.Presentacion.Core\Pe.ByS.Caja.Presentacion.Core.csproj", "{8875E302-0697-4A5E-A8BB-6E0033882691}"
EndProject
Project("{FAE04EC0-301F-11D3-BF4B-00C04F79EFBC}") = "Pe.ByS.Caja.Presentacion.Resource", "Pe.ByS.Caja.Presentacion.Resource\Pe.ByS.Caja.Presentacion.Resource.csproj", "{5EAA8782-AE07-44BC-A32E-8BF497FD1BBE}"
EndProject
Project("{FAE04EC0-301F-11D3-BF4B-00C04F79EFBC}") = "Pe.ByS.ERP.Aplicacion.Core", "Pe.ByS.ERP.Aplicacion.Core\Pe.ByS.ERP.Aplicacion.Core.csproj", "{70825B48-7076-46C2-83AE-21B608455E37}"
EndProject
Project("{FAE04EC0-301F-11D3-BF4B-00C04F79EFBC}") = "Pe.ByS.ERP.Aplicacion.Service", "Pe.ByS.ERP.Aplicacion.Service\Pe.ByS.ERP.Aplicacion.Service.csproj", "{CC7A39DA-0ED1-48EC-8AA3-71516F43929E}"
EndProject
Project("{FAE04EC0-301F-11D3-BF4B-00C04F79EFBC}") = "Pe.ByS.ERP.Aplicacion.Adapter", "Pe.ByS.ERP.Aplicacion.Adapter\Pe.ByS.ERP.Aplicacion.Adapter.csproj", "{5A1C8567-8D4B-4860-927C-89BB278D2CE0}"
EndProject
Project("{FAE04EC0-301F-11D3-BF4B-00C04F79EFBC}") = "Pe.ByS.ERP.Infraestructura.Repository", "Pe.ByS.ERP.Infraestructura.Repository\Pe.ByS.ERP.Infraestructura.Repository.csproj", "{80AD5EB2-1671-4CAF-A522-D59AAFE48C3C}"
EndProject
Project("{FAE04EC0-301F-11D3-BF4B-00C04F79EFBC}") = "Pe.ByS.ERP.Infraestructura.Model", "Pe.ByS.ERP.Infraestructura.Model\Pe.ByS.ERP.Infraestructura.Model.csproj", "{620847A5-EBFD-42CC-B0F6-70B9A379B47F}"
EndProject
Project("{FAE04EC0-301F-11D3-BF4B-00C04F79EFBC}") = "Pe.ByS.ERP.Infraestructura.Proxy", "Pe.ByS.ERP.Infraestructura.Proxy\Pe.ByS.ERP.Infraestructura.Proxy.csproj", "{67F2FC55-CD46-4390-9D64-184D2F543E37}"
EndProject
Project("{FAE04EC0-301F-11D3-BF4B-00C04F79EFBC}") = "Pe.ByS.ERP.Cross.Core", "Pe.ByS.ERP.Cross.Core\Pe.ByS.ERP.Cross.Core.csproj", "{7C406E49-6FD6-431B-A423-B772173A004B}"
EndProject
Project("{FAE04EC0-301F-11D3-BF4B-00C04F79EFBC}") = "Pe.ByS.ERP.Dominio.Core", "Pe.ByS.ERP.Dominio.Core\Pe.ByS.ERP.Dominio.Core.csproj", "{3E0111B5-5533-4176-B266-514C2377BF08}"
EndProject
Project("{FAE04EC0-301F-11D3-BF4B-00C04F79EFBC}") = "Pe.ByS.ERP.Dominio.Service", "Pe.ByS.ERP.Dominio.Service\Pe.ByS.ERP.Dominio.Service.csproj", "{70B56FD2-B990-4054-991C-4C64DED6FC2E}"
EndProject
Project("{FAE04EC0-301F-11D3-BF4B-00C04F79EFBC}") = "Pe.ByS.ERP.Dominio.Model", "Pe.ByS.ERP.Dominio.Model\Pe.ByS.ERP.Dominio.Model.csproj", "{910A5B50-7B51-4D79-97FA-FC99C6EC825C}"
EndProject
Project("{FAE04EC0-301F-11D3-BF4B-00C04F79EFBC}") = "Pe.ByS.Caja.Presentacion", "Pe.ByS.Caja.Presentacion\Pe.ByS.Caja.Presentacion.csproj", "{A74FD94C-B14C-424B-A117-14ED22CCEBFF}"
EndProject
Project("{FAE04EC0-301F-11D3-BF4B-00C04F79EFBC}") = "Pe.ByS.ERP.Aplicacion.TransferObject", "Pe.ByS.ERP.Aplicacion.TransferObject\Pe.ByS.ERP.Aplicacion.TransferObject.csproj", "{4BEE4AD2-B250-4FF4-AAD3-3E28D5B07627}"
EndProject
Project("{FAE04EC0-301F-11D3-BF4B-00C04F79EFBC}") = "Pe.ByS.ERP.Infraestructura.Core", "Pe.ByS.ERP.Infraestructura.Core\Pe.ByS.ERP.Infraestructura.Core.csproj", "{51C53F9B-8F4E-4D69-9DF1-84349EB78D30}"
EndProject
Project("{2150E333-8FDC-42A3-9474-1A3956D46DE8}") = "Caja.WebPackage", "Caja.WebPackage", "{61F4DC69-A390-4A45-BA82-0E043C8A931E}"
EndProject
Global
	GlobalSection(SolutionConfigurationPlatforms) = preSolution
		Debug|Any CPU = Debug|Any CPU
		Release|Any CPU = Release|Any CPU
	EndGlobalSection
	GlobalSection(ProjectConfigurationPlatforms) = postSolution
		{8875E302-0697-4A5E-A8BB-6E0033882691}.Debug|Any CPU.ActiveCfg = Debug|Any CPU
		{8875E302-0697-4A5E-A8BB-6E0033882691}.Debug|Any CPU.Build.0 = Debug|Any CPU
		{8875E302-0697-4A5E-A8BB-6E0033882691}.Release|Any CPU.ActiveCfg = Release|Any CPU
		{8875E302-0697-4A5E-A8BB-6E0033882691}.Release|Any CPU.Build.0 = Release|Any CPU
		{5EAA8782-AE07-44BC-A32E-8BF497FD1BBE}.Debug|Any CPU.ActiveCfg = Debug|Any CPU
		{5EAA8782-AE07-44BC-A32E-8BF497FD1BBE}.Debug|Any CPU.Build.0 = Debug|Any CPU
		{5EAA8782-AE07-44BC-A32E-8BF497FD1BBE}.Release|Any CPU.ActiveCfg = Release|Any CPU
		{5EAA8782-AE07-44BC-A32E-8BF497FD1BBE}.Release|Any CPU.Build.0 = Release|Any CPU
		{70825B48-7076-46C2-83AE-21B608455E37}.Debug|Any CPU.ActiveCfg = Debug|Any CPU
		{70825B48-7076-46C2-83AE-21B608455E37}.Debug|Any CPU.Build.0 = Debug|Any CPU
		{70825B48-7076-46C2-83AE-21B608455E37}.Release|Any CPU.ActiveCfg = Release|Any CPU
		{70825B48-7076-46C2-83AE-21B608455E37}.Release|Any CPU.Build.0 = Release|Any CPU
		{CC7A39DA-0ED1-48EC-8AA3-71516F43929E}.Debug|Any CPU.ActiveCfg = Debug|Any CPU
		{CC7A39DA-0ED1-48EC-8AA3-71516F43929E}.Debug|Any CPU.Build.0 = Debug|Any CPU
		{CC7A39DA-0ED1-48EC-8AA3-71516F43929E}.Release|Any CPU.ActiveCfg = Release|Any CPU
		{CC7A39DA-0ED1-48EC-8AA3-71516F43929E}.Release|Any CPU.Build.0 = Release|Any CPU
		{5A1C8567-8D4B-4860-927C-89BB278D2CE0}.Debug|Any CPU.ActiveCfg = Debug|Any CPU
		{5A1C8567-8D4B-4860-927C-89BB278D2CE0}.Debug|Any CPU.Build.0 = Debug|Any CPU
		{5A1C8567-8D4B-4860-927C-89BB278D2CE0}.Release|Any CPU.ActiveCfg = Release|Any CPU
		{5A1C8567-8D4B-4860-927C-89BB278D2CE0}.Release|Any CPU.Build.0 = Release|Any CPU
		{80AD5EB2-1671-4CAF-A522-D59AAFE48C3C}.Debug|Any CPU.ActiveCfg = Debug|Any CPU
		{80AD5EB2-1671-4CAF-A522-D59AAFE48C3C}.Debug|Any CPU.Build.0 = Debug|Any CPU
		{80AD5EB2-1671-4CAF-A522-D59AAFE48C3C}.Release|Any CPU.ActiveCfg = Release|Any CPU
		{80AD5EB2-1671-4CAF-A522-D59AAFE48C3C}.Release|Any CPU.Build.0 = Release|Any CPU
		{620847A5-EBFD-42CC-B0F6-70B9A379B47F}.Debug|Any CPU.ActiveCfg = Debug|Any CPU
		{620847A5-EBFD-42CC-B0F6-70B9A379B47F}.Debug|Any CPU.Build.0 = Debug|Any CPU
		{620847A5-EBFD-42CC-B0F6-70B9A379B47F}.Release|Any CPU.ActiveCfg = Release|Any CPU
		{620847A5-EBFD-42CC-B0F6-70B9A379B47F}.Release|Any CPU.Build.0 = Release|Any CPU
		{67F2FC55-CD46-4390-9D64-184D2F543E37}.Debug|Any CPU.ActiveCfg = Debug|Any CPU
		{67F2FC55-CD46-4390-9D64-184D2F543E37}.Debug|Any CPU.Build.0 = Debug|Any CPU
		{67F2FC55-CD46-4390-9D64-184D2F543E37}.Release|Any CPU.ActiveCfg = Release|Any CPU
		{67F2FC55-CD46-4390-9D64-184D2F543E37}.Release|Any CPU.Build.0 = Release|Any CPU
		{7C406E49-6FD6-431B-A423-B772173A004B}.Debug|Any CPU.ActiveCfg = Debug|Any CPU
		{7C406E49-6FD6-431B-A423-B772173A004B}.Debug|Any CPU.Build.0 = Debug|Any CPU
		{7C406E49-6FD6-431B-A423-B772173A004B}.Release|Any CPU.ActiveCfg = Release|Any CPU
		{7C406E49-6FD6-431B-A423-B772173A004B}.Release|Any CPU.Build.0 = Release|Any CPU
		{3E0111B5-5533-4176-B266-514C2377BF08}.Debug|Any CPU.ActiveCfg = Debug|Any CPU
		{3E0111B5-5533-4176-B266-514C2377BF08}.Debug|Any CPU.Build.0 = Debug|Any CPU
		{3E0111B5-5533-4176-B266-514C2377BF08}.Release|Any CPU.ActiveCfg = Release|Any CPU
		{3E0111B5-5533-4176-B266-514C2377BF08}.Release|Any CPU.Build.0 = Release|Any CPU
		{70B56FD2-B990-4054-991C-4C64DED6FC2E}.Debug|Any CPU.ActiveCfg = Debug|Any CPU
		{70B56FD2-B990-4054-991C-4C64DED6FC2E}.Debug|Any CPU.Build.0 = Debug|Any CPU
		{70B56FD2-B990-4054-991C-4C64DED6FC2E}.Release|Any CPU.ActiveCfg = Release|Any CPU
		{70B56FD2-B990-4054-991C-4C64DED6FC2E}.Release|Any CPU.Build.0 = Release|Any CPU
		{910A5B50-7B51-4D79-97FA-FC99C6EC825C}.Debug|Any CPU.ActiveCfg = Debug|Any CPU
		{910A5B50-7B51-4D79-97FA-FC99C6EC825C}.Debug|Any CPU.Build.0 = Debug|Any CPU
		{910A5B50-7B51-4D79-97FA-FC99C6EC825C}.Release|Any CPU.ActiveCfg = Release|Any CPU
		{910A5B50-7B51-4D79-97FA-FC99C6EC825C}.Release|Any CPU.Build.0 = Release|Any CPU
		{A74FD94C-B14C-424B-A117-14ED22CCEBFF}.Debug|Any CPU.ActiveCfg = Debug|Any CPU
		{A74FD94C-B14C-424B-A117-14ED22CCEBFF}.Debug|Any CPU.Build.0 = Debug|Any CPU
		{A74FD94C-B14C-424B-A117-14ED22CCEBFF}.Release|Any CPU.ActiveCfg = Release|Any CPU
		{A74FD94C-B14C-424B-A117-14ED22CCEBFF}.Release|Any CPU.Build.0 = Release|Any CPU
		{4BEE4AD2-B250-4FF4-AAD3-3E28D5B07627}.Debug|Any CPU.ActiveCfg = Debug|Any CPU
		{4BEE4AD2-B250-4FF4-AAD3-3E28D5B07627}.Debug|Any CPU.Build.0 = Debug|Any CPU
		{4BEE4AD2-B250-4FF4-AAD3-3E28D5B07627}.Release|Any CPU.ActiveCfg = Release|Any CPU
		{4BEE4AD2-B250-4FF4-AAD3-3E28D5B07627}.Release|Any CPU.Build.0 = Release|Any CPU
		{51C53F9B-8F4E-4D69-9DF1-84349EB78D30}.Debug|Any CPU.ActiveCfg = Debug|Any CPU
		{51C53F9B-8F4E-4D69-9DF1-84349EB78D30}.Debug|Any CPU.Build.0 = Debug|Any CPU
		{51C53F9B-8F4E-4D69-9DF1-84349EB78D30}.Release|Any CPU.ActiveCfg = Release|Any CPU
		{51C53F9B-8F4E-4D69-9DF1-84349EB78D30}.Release|Any CPU.Build.0 = Release|Any CPU
	EndGlobalSection
	GlobalSection(SolutionProperties) = preSolution
		HideSolutionNode = FALSE
	EndGlobalSection
	GlobalSection(NestedProjects) = preSolution
		{61F4DC69-A390-4A45-BA82-0E043C8A931E} = {7CDC773D-E8F8-43BE-A7F3-9E0ED24AE6E8}
		{70825B48-7076-46C2-83AE-21B608455E37} = {2CC8354B-4F63-4559-B141-8DB8B1B0EDBE}
		{CC7A39DA-0ED1-48EC-8AA3-71516F43929E} = {2CC8354B-4F63-4559-B141-8DB8B1B0EDBE}
		{5A1C8567-8D4B-4860-927C-89BB278D2CE0} = {2CC8354B-4F63-4559-B141-8DB8B1B0EDBE}
		{4BEE4AD2-B250-4FF4-AAD3-3E28D5B07627} = {2CC8354B-4F63-4559-B141-8DB8B1B0EDBE}
		{3E0111B5-5533-4176-B266-514C2377BF08} = {97B5E819-FB5B-401A-B238-964BB7121C62}
		{70B56FD2-B990-4054-991C-4C64DED6FC2E} = {97B5E819-FB5B-401A-B238-964BB7121C62}
		{910A5B50-7B51-4D79-97FA-FC99C6EC825C} = {97B5E819-FB5B-401A-B238-964BB7121C62}
		{80AD5EB2-1671-4CAF-A522-D59AAFE48C3C} = {38EBE49B-66AC-480B-B973-0B4E2142E74E}
		{620847A5-EBFD-42CC-B0F6-70B9A379B47F} = {38EBE49B-66AC-480B-B973-0B4E2142E74E}
		{67F2FC55-CD46-4390-9D64-184D2F543E37} = {38EBE49B-66AC-480B-B973-0B4E2142E74E}
		{51C53F9B-8F4E-4D69-9DF1-84349EB78D30} = {38EBE49B-66AC-480B-B973-0B4E2142E74E}
		{7C406E49-6FD6-431B-A423-B772173A004B} = {481A27AC-44DE-4FA7-B845-E2A04334B514}
		{5EAA8782-AE07-44BC-A32E-8BF497FD1BBE} = {61F4DC69-A390-4A45-BA82-0E043C8A931E}
		{A74FD94C-B14C-424B-A117-14ED22CCEBFF} = {61F4DC69-A390-4A45-BA82-0E043C8A931E}
		{8875E302-0697-4A5E-A8BB-6E0033882691} = {61F4DC69-A390-4A45-BA82-0E043C8A931E}
	EndGlobalSection
EndGlobal
